# Linux x86_64 / CPython 3.11. Wheels only; internal mirror; no fallback registry.
aiohappyeyeballs==2.7.1 --hash=sha256:9243213661e29250eb41368e5daa826fc017156c3b8a11440826b2e3ed376472
aiohttp==3.14.3 --hash=sha256:53e7b4ce82b54a8bcc71b3b67a5cbd177ca1d7f592cbc92cd38b7349f73482db
aiosignal==1.4.0 --hash=sha256:053243f8b92b990551949e63930a839ff0cf0b0ebbe0597b0f3fb19e1a0fe82e
attrs==26.1.0 --hash=sha256:c647aa4a12dfbad9333ca4e71fe62ddc36f4e63b2d260a37a8b83d2f043ac309
certifi==2026.7.22 --hash=sha256:62f22742b58a1a33014a2b6b706588a8d7e2a88ae7bd1a6ebe8c992928483775
cffi==2.1.1 --hash=sha256:34e261f78cb6ceaaa36f42f2613f4380d94d9c759a9c73c769ee6e0247364632
charset-normalizer==3.5.1 --hash=sha256:c7b742bf31c88566b4bb6335a7f393bb322e580b6bb98df7bd0c25e6e3519ce8
cryptography==50.0.1 --hash=sha256:ff838d62ec1bfce4f9ba7fa16f4a7b554cd8d0c299e6be37502161a660c84eef
Deprecated==1.3.1 --hash=sha256:597bfef186b6f60181535a29fbe44865ce137a5079f295b479886c82729d5f3f
frozenlist==1.8.0 --hash=sha256:2552f44204b744fba866e573be4c1f9048d6a324dfe14475103fd51613eb1d1f
googleapis-common-protos==1.75.5 --hash=sha256:d7285525c23039db98f2463e6d5a4f9b958b94d497f03a844ece3259c4e72d5d
grpcio==1.84.0 --hash=sha256:bd8ea8eb3817b226057cc1c0e7ec4b378dcda52043b972b6ff12b1152178967d
grpcio-tools==1.81.1 --hash=sha256:b6bd163ece4535726e5292b845ed80ae9b2cae73ba091c7d6c66033c430e3857
idna==3.20 --hash=sha256:ab7ae7122974553370f0bdb919e1a960b2cd1bc1ef0276416d896db81c14582c
multidict==6.9.1 --hash=sha256:e8f1e362c9352b50ed120f001046fdbb80810c9d56580f4c3fc13bbe30823387
packaging==26.3 --hash=sha256:d7193f7c8e4e93f444fde0262bf90af30e16fa0ad0ad44cb553c87339b23cd1c
propcache==0.5.4 --hash=sha256:6e9368e87a3efc285e559131092c5db643eb8e56de4ee42064d5baec22ef2bb5
protobuf==6.33.6 --hash=sha256:e9db7e292e0ab79dd108d7f1a94fe31601ce1ee3f7b79e0692043423020b0593
pycparser==3.0 --hash=sha256:b727414169a36b7d524c1c3e31839a521725078d7b2ff038656844266160a992
PyJWT==2.15.1 --hash=sha256:42d59d631f7768a1028a64c7ff581a9bf7519804daf91fc5b6c56e30eec5e193
PyYAML==6.0.3 --hash=sha256:b8bb0864c5a28024fac8a632c443c87c5aa6f215c0b126c449ae1a150412f31d
requests==2.34.2 --hash=sha256:2a0d60c172f83ac6ab31e4554906c0f3b3588d37b5cb939b1c061f4907e278e0
setuptools==84.0.0 --hash=sha256:51a52592b3b99e102b609654876bd65f19f999935166d1352678931132b0c670
six==1.17.0 --hash=sha256:4721f391ed90541fddacab5acf947aa0d3dc7d27b2e1e8eda2be8970586c3274
typing_extensions==4.16.0 --hash=sha256:481caa481374e813c1b176ada14e97f1f67a4539ce9cfeb3f350d78d6370c2e8
urllib3==2.8.0 --hash=sha256:0cf3cae568d36aa9576b28dfb35f11328f1cb974ca7647d9475ebb86c75ac6e3
wrapt==2.5.0 --hash=sha256:fd91203e156d610ecb28b9ccd7b764af7a7b38662d7c163090babab0d10def0c
yandexcloud==0.409.0 --hash=sha256:cafe90676298c9c1aa5283c17ef5325b888a42766ebbf3f67ff957aee5d3f807
yarl==1.25.1 --hash=sha256:d5add7b4ca7afeea91d52e4d4e4db3b1fe9885b71f07054560d8c4296b7441a2
ydb==3.33.0 --hash=sha256:b494a678af150b2614d333f58bfbf5d62c17957306f8c84567fb1ba31d7bac6c
